
Microsoft Visual Studio Solution File, Format Version 12.00
# Visual Studio 15
VisualStudioVersion = 15.0.28307.852
MinimumVisualStudioVersion = 10.0.40219.1
Project("{9A19103F-16F7-4668-BE54-9A1E7A4F7556}") = "WebAPI", "WebAPI\WebAPI.csproj", "{9958289B-6DC8-469D-91B7-EC9393E90F0C}"
EndProject
Project("{9A19103F-16F7-4668-BE54-9A1E7A4F7556}") = "Model", "Model\Model.csproj", "{DB0FE204-67E3-46E1-B164-261FDA2CB5FE}"
EndProject
Project("{9A19103F-16F7-4668-BE54-9A1E7A4F7556}") = "DataAccess", "DataAccess\DataAccess.csproj", "{A7CCF274-4D65-4471-8ABF-CA97B2B37A2C}"
EndProject
Project("{9A19103F-16F7-4668-BE54-9A1E7A4F7556}") = "Business", "Service\Business.csproj", "{5E8AB9C8-265A-425E-BACC-14E45A7D7008}"
EndProject
Global
	GlobalSection(SolutionConfigurationPlatforms) = preSolution
		Debug|Any CPU = Debug|Any CPU
		Release|Any CPU = Release|Any CPU
	EndGlobalSection
	GlobalSection(ProjectConfigurationPlatforms) = postSolution
		{9958289B-6DC8-469D-91B7-EC9393E90F0C}.Debug|Any CPU.ActiveCfg = Debug|Any CPU
		{9958289B-6DC8-469D-91B7-EC9393E90F0C}.Debug|Any CPU.Build.0 = Debug|Any CPU
		{9958289B-6DC8-469D-91B7-EC9393E90F0C}.Release|Any CPU.ActiveCfg = Release|Any CPU
		{9958289B-6DC8-469D-91B7-EC9393E90F0C}.Release|Any CPU.Build.0 = Release|Any CPU
		{DB0FE204-67E3-46E1-B164-261FDA2CB5FE}.Debug|Any CPU.ActiveCfg = Debug|Any CPU
		{DB0FE204-67E3-46E1-B164-261FDA2CB5FE}.Debug|Any CPU.Build.0 = Debug|Any CPU
		{DB0FE204-67E3-46E1-B164-261FDA2CB5FE}.Release|Any CPU.ActiveCfg = Release|Any CPU
		{DB0FE204-67E3-46E1-B164-261FDA2CB5FE}.Release|Any CPU.Build.0 = Release|Any CPU
		{A7CCF274-4D65-4471-8ABF-CA97B2B37A2C}.Debug|Any CPU.ActiveCfg = Debug|Any CPU
		{A7CCF274-4D65-4471-8ABF-CA97B2B37A2C}.Debug|Any CPU.Build.0 = Debug|Any CPU
		{A7CCF274-4D65-4471-8ABF-CA97B2B37A2C}.Release|Any CPU.ActiveCfg = Release|Any CPU
		{A7CCF274-4D65-4471-8ABF-CA97B2B37A2C}.Release|Any CPU.Build.0 = Release|Any CPU
		{5E8AB9C8-265A-425E-BACC-14E45A7D7008}.Debug|Any CPU.ActiveCfg = Debug|Any CPU
		{5E8AB9C8-265A-425E-BACC-14E45A7D7008}.Debug|Any CPU.Build.0 = Debug|Any CPU
		{5E8AB9C8-265A-425E-BACC-14E45A7D7008}.Release|Any CPU.ActiveCfg = Release|Any CPU
		{5E8AB9C8-265A-425E-BACC-14E45A7D7008}.Release|Any CPU.Build.0 = Release|Any CPU
	EndGlobalSection
	GlobalSection(SolutionProperties) = preSolution
		HideSolutionNode = FALSE
	EndGlobalSection
	GlobalSection(ExtensibilityGlobals) = postSolution
		SolutionGuid = {6917434D-3260-472B-9A14-5744A78372C8}
	EndGlobalSection
EndGlobal
